{
  "name": "blog",
  "version": "1.0.0",
  "lockfileVersion": 1,
  "requires": true,
  "dependencies": {
    "vuepress-theme-focus": {
      "version": "0.1.0-alpha.1",
      "resolved": "https://registry.npmjs.org/vuepress-theme-focus/-/vuepress-theme-focus-0.1.0-alpha.1.tgz",
      "integrity": "sha512-6JVpt+q+4DAQhg+HRozlfA1dre/JHVOVMH+jKGFFtSQkwi8beWGXr77RR02E0tyGW+Ad1wExGcW3ies36Kte+w=="
    }
  }
}
